{
  "requires": true,
  "lockfileVersion": 1,
  "dependencies": {
    "react-keyboard-event-handler": {
      "version": "1.5.1",
      "resolved": "https://registry.npmjs.org/react-keyboard-event-handler/-/react-keyboard-event-handler-1.5.1.tgz",
      "integrity": "sha512-Jntb3jJiPPQasjUGEbMJMZugLWfGXa0N+qBU2JpSedVb2iURpXFRwVtI2JPtqn7pR+MKDY2AiagFCstGHDomYw=="
    }
  }
}
